// !$*UTF8*$!
{
	archiveVersion = 1;
	classes = {
	};
	objectVersion = 46;
	objects = {

/* Begin PBXBuildFile section */
		408E5E491FAFE33F00C24543 /* UnimplementedFeature.swift in Sources */ = {isa = PBXBuildFile; fileRef = 408E5E481FAFE33F00C24543 /* UnimplementedFeature.swift */; };
		408E5E571FB0223F00C24543 /* RestTremorTestInfoViewController.swift in Sources */ = {isa = PBXBuildFile; fileRef = 408E5E561FB0223F00C24543 /* RestTremorTestInfoViewController.swift */; };
		40CCEDC51FB903BC00D5A4DE /* Active_Tremor_Test_InAction.jpg in Resources */ = {isa = PBXBuildFile; fileRef = 40CCEDC41FB903BB00D5A4DE /* Active_Tremor_Test_InAction.jpg */; };
		40CCEDC71FB9306900D5A4DE /* ActionTremorTestApprovalPageViewController.swift in Sources */ = {isa = PBXBuildFile; fileRef = 40CCEDC61FB9306900D5A4DE /* ActionTremorTestApprovalPageViewController.swift */; };
		5BE994C48F10A6D488DA5AD2 /* Pods_TremorStatUITests.framework in Frameworks */ = {isa = PBXBuildFile; fileRef = 91F18339CE06465DD924DDC6 /* Pods_TremorStatUITests.framework */; };
		856DDB591FBD413C00AADB15 /* Podfile in Resources */ = {isa = PBXBuildFile; fileRef = 856DDB581FBD413C00AADB15 /* Podfile */; };
		8CB179898654F18B962DD93D /* Pods_TremorStat.framework in Frameworks */ = {isa = PBXBuildFile; fileRef = 3627BF6CE47314C9AACA5E3F /* Pods_TremorStat.framework */; };
		99C4ACBE1FAEDC21003D036C /* RestTremorCountdown.swift in Sources */ = {isa = PBXBuildFile; fileRef = 99C4ACBD1FAEDC21003D036C /* RestTremorCountdown.swift */; };
		99C4ACC01FAEDC3C003D036C /* TestSelectViewController.swift in Sources */ = {isa = PBXBuildFile; fileRef = 99C4ACBF1FAEDC3C003D036C /* TestSelectViewController.swift */; };
		99D7B9A71FB6547D00049282 /* StatisticsCalculator.swift in Sources */ = {isa = PBXBuildFile; fileRef = 99D7B9A61FB6547D00049282 /* StatisticsCalculator.swift */; };
		99D7B9A81FB66CCD00049282 /* StatisticsCalculator.swift in Sources */ = {isa = PBXBuildFile; fileRef = 99D7B9A61FB6547D00049282 /* StatisticsCalculator.swift */; };
		99E91AB21FAF9D3A007D8E92 /* ApprovalViewController.swift in Sources */ = {isa = PBXBuildFile; fileRef = 99E91AB11FAF9D3A007D8E92 /* ApprovalViewController.swift */; };
		99E91AB61FAFB360007D8E92 /* User_Holding_Device.png in Resources */ = {isa = PBXBuildFile; fileRef = 99E91AB51FAFB360007D8E92 /* User_Holding_Device.png */; };
		99F924CC1FB7BA5400E8436A /* DataStorage.swift in Sources */ = {isa = PBXBuildFile; fileRef = 99F924CB1FB7BA5400E8436A /* DataStorage.swift */; };
		99F924CE1FB7BCCF00E8436A /* ConfigDataStorage.swift in Sources */ = {isa = PBXBuildFile; fileRef = 99F924CD1FB7BCCF00E8436A /* ConfigDataStorage.swift */; };
		B50882BD1DDE4A4600B4C55D /* GraphView.swift in Sources */ = {isa = PBXBuildFile; fileRef = B50882BC1DDE4A4600B4C55D /* GraphView.swift */; };
		B579FE431DDD1D2700A8C0C7 /* AppDelegate.swift in Sources */ = {isa = PBXBuildFile; fileRef = B579FE421DDD1D2700A8C0C7 /* AppDelegate.swift */; };
		B579FE481DDD1D2700A8C0C7 /* Main.storyboard in Resources */ = {isa = PBXBuildFile; fileRef = B579FE461DDD1D2700A8C0C7 /* Main.storyboard */; };
		B579FE4D1DDD1D2700A8C0C7 /* LaunchScreen.storyboard in Resources */ = {isa = PBXBuildFile; fileRef = B579FE4B1DDD1D2700A8C0C7 /* LaunchScreen.storyboard */; };
		B579FE571DDD1F6F00A8C0C7 /* UIViewController.swift in Sources */ = {isa = PBXBuildFile; fileRef = B579FE561DDD1F6F00A8C0C7 /* UIViewController.swift */; };
		B579FE5B1DDD2D3A00A8C0C7 /* MotionGraphContainer.swift in Sources */ = {isa = PBXBuildFile; fileRef = B579FE5A1DDD2D3A00A8C0C7 /* MotionGraphContainer.swift */; };
		B587D9E21DDE7F4B0087CE3D /* GraphSegment.swift in Sources */ = {isa = PBXBuildFile; fileRef = B587D9E11DDE7F4B0087CE3D /* GraphSegment.swift */; };
		B587D9E41DDE7FA70087CE3D /* CGContext.swift in Sources */ = {isa = PBXBuildFile; fileRef = B587D9E31DDE7FA70087CE3D /* CGContext.swift */; };
		B5DEC4AC1DECB6DA00B8FC91 /* AccelerometerViewController.swift in Sources */ = {isa = PBXBuildFile; fileRef = B5DEC4AB1DECB6DA00B8FC91 /* AccelerometerViewController.swift */; };
		B5DEC4AE1DECE09D00B8FC91 /* RestTremorTestViewController.swift in Sources */ = {isa = PBXBuildFile; fileRef = B5DEC4AD1DECE09D00B8FC91 /* RestTremorTestViewController.swift */; };
		BE6A92D8BBC216F4CE98CF92 /* Pods_TremorStatTests.framework in Frameworks */ = {isa = PBXBuildFile; fileRef = 902AD4F64D24EF1000D08158 /* Pods_TremorStatTests.framework */; };
		BF0A0B2A1FB91CEC00357132 /* UserProfileViewController.swift in Sources */ = {isa = PBXBuildFile; fileRef = BF0A0B291FB91CEC00357132 /* UserProfileViewController.swift */; };
		BF0EFFF21FAEA0C30076F4E2 /* Default-568h@2x.png in Resources */ = {isa = PBXBuildFile; fileRef = BF0EFFF11FAEA0C30076F4E2 /* Default-568h@2x.png */; };
		BF0EFFF41FAEB2690076F4E2 /* TremorTests.storyboard in Resources */ = {isa = PBXBuildFile; fileRef = BF0EFFF31FAEB2690076F4E2 /* TremorTests.storyboard */; };
		BF0EFFF71FAEBAAA0076F4E2 /* TestResults.storyboard in Resources */ = {isa = PBXBuildFile; fileRef = BF0EFFF51FAEBAAA0076F4E2 /* TestResults.storyboard */; };
		BF0EFFF91FAEBABA0076F4E2 /* UserProfile.storyboard in Resources */ = {isa = PBXBuildFile; fileRef = BF0EFFF81FAEBABA0076F4E2 /* UserProfile.storyboard */; };
		BF0EFFFC1FAEBB1A0076F4E2 /* Settings.storyboard in Resources */ = {isa = PBXBuildFile; fileRef = BF0EFFFA1FAEBB1A0076F4E2 /* Settings.storyboard */; };
		BF5E8B351FB1107600559754 /* RestTremorTestViewControllerTests.swift in Sources */ = {isa = PBXBuildFile; fileRef = BF5E8B341FB1107600559754 /* RestTremorTestViewControllerTests.swift */; };
		BF5E8B431FB1108900559754 /* TremorStatUITests.swift in Sources */ = {isa = PBXBuildFile; fileRef = BF5E8B421FB1108900559754 /* TremorStatUITests.swift */; };
		E81EE7A21FB7BDEA00B82B44 /* ActionTremorCountdown.swift in Sources */ = {isa = PBXBuildFile; fileRef = E81EE7A11FB7BDEA00B82B44 /* ActionTremorCountdown.swift */; };
		E860A0121FB0461400616603 /* Assets.xcassets in Resources */ = {isa = PBXBuildFile; fileRef = E860A0111FB0461300616603 /* Assets.xcassets */; };
		E8B14FC71FB65DB50051690D /* ActionTremorTest.swift in Sources */ = {isa = PBXBuildFile; fileRef = E8B14FC61FB65DB50051690D /* ActionTremorTest.swift */; };
/* End PBXBuildFile section */

/* Begin PBXContainerItemProxy section */
		BF5E8B371FB1107600559754 /* PBXContainerItemProxy */ = {
			isa = PBXContainerItemProxy;
			containerPortal = B579FE371DDD1D2700A8C0C7 /* Project object */;
			proxyType = 1;
			remoteGlobalIDString = B579FE3E1DDD1D2700A8C0C7;
			remoteInfo = TremorStat;
		};
		BF5E8B451FB1108900559754 /* PBXContainerItemProxy */ = {
			isa = PBXContainerItemProxy;
			containerPortal = B579FE371DDD1D2700A8C0C7 /* Project object */;
			proxyType = 1;
			remoteGlobalIDString = B579FE3E1DDD1D2700A8C0C7;
			remoteInfo = TremorStat;
		};
/* End PBXContainerItemProxy section */

/* Begin PBXFileReference section */
		0110EEA7C449165018287CE0 /* Pods-TremorStat.debug.xcconfig */ = {isa = PBXFileReference; includeInIndex = 1; lastKnownFileType = text.xcconfig; name = "Pods-TremorStat.debug.xcconfig"; path = "Pods/Target Support Files/Pods-TremorStat/Pods-TremorStat.debug.xcconfig"; sourceTree = "<group>"; };
		0AC222525A7FAF275A47A546 /* Pods-TremorStat.release.xcconfig */ = {isa = PBXFileReference; includeInIndex = 1; lastKnownFileType = text.xcconfig; name = "Pods-TremorStat.release.xcconfig"; path = "Pods/Target Support Files/Pods-TremorStat/Pods-TremorStat.release.xcconfig"; sourceTree = "<group>"; };
		3627BF6CE47314C9AACA5E3F /* Pods_TremorStat.framework */ = {isa = PBXFileReference; explicitFileType = wrapper.framework; includeInIndex = 0; path = Pods_TremorStat.framework; sourceTree = BUILT_PRODUCTS_DIR; };
		408E5E481FAFE33F00C24543 /* UnimplementedFeature.swift */ = {isa = PBXFileReference; lastKnownFileType = sourcecode.swift; path = UnimplementedFeature.swift; sourceTree = "<group>"; };
		408E5E561FB0223F00C24543 /* RestTremorTestInfoViewController.swift */ = {isa = PBXFileReference; lastKnownFileType = sourcecode.swift; path = RestTremorTestInfoViewController.swift; sourceTree = "<group>"; };
		40CCEDC41FB903BB00D5A4DE /* Active_Tremor_Test_InAction.jpg */ = {isa = PBXFileReference; lastKnownFileType = image.jpeg; name = Active_Tremor_Test_InAction.jpg; path = TremorStat/Active_Tremor_Test_InAction.jpg; sourceTree = SOURCE_ROOT; };
		40CCEDC61FB9306900D5A4DE /* ActionTremorTestApprovalPageViewController.swift */ = {isa = PBXFileReference; lastKnownFileType = sourcecode.swift; name = ActionTremorTestApprovalPageViewController.swift; path = /Users/msavic/Documents/TremorStat/TremorStat/TremorTests/ActionTremorTestApprovalPageViewController.swift; sourceTree = "<absolute>"; };
		5A593BB165D74B9BE6113FAE /* Pods-TremorStatUITests.release.xcconfig */ = {isa = PBXFileReference; includeInIndex = 1; lastKnownFileType = text.xcconfig; name = "Pods-TremorStatUITests.release.xcconfig"; path = "Pods/Target Support Files/Pods-TremorStatUITests/Pods-TremorStatUITests.release.xcconfig"; sourceTree = "<group>"; };
		74BA41F6FA1D18742063E7BE /* Pods-TremorStatTests.release.xcconfig */ = {isa = PBXFileReference; includeInIndex = 1; lastKnownFileType = text.xcconfig; name = "Pods-TremorStatTests.release.xcconfig"; path = "Pods/Target Support Files/Pods-TremorStatTests/Pods-TremorStatTests.release.xcconfig"; sourceTree = "<group>"; };
		77F2C43D777639A6C24052BE /* Pods-TremorStatTests.debug.xcconfig */ = {isa = PBXFileReference; includeInIndex = 1; lastKnownFileType = text.xcconfig; name = "Pods-TremorStatTests.debug.xcconfig"; path = "Pods/Target Support Files/Pods-TremorStatTests/Pods-TremorStatTests.debug.xcconfig"; sourceTree = "<group>"; };
		856DDB581FBD413C00AADB15 /* Podfile */ = {isa = PBXFileReference; fileEncoding = 4; lastKnownFileType = text; path = Podfile; sourceTree = "<group>"; };
		902AD4F64D24EF1000D08158 /* Pods_TremorStatTests.framework */ = {isa = PBXFileReference; explicitFileType = wrapper.framework; includeInIndex = 0; path = Pods_TremorStatTests.framework; sourceTree = BUILT_PRODUCTS_DIR; };
		91F18339CE06465DD924DDC6 /* Pods_TremorStatUITests.framework */ = {isa = PBXFileReference; explicitFileType = wrapper.framework; includeInIndex = 0; path = Pods_TremorStatUITests.framework; sourceTree = BUILT_PRODUCTS_DIR; };
		99C4ACBD1FAEDC21003D036C /* RestTremorCountdown.swift */ = {isa = PBXFileReference; lastKnownFileType = sourcecode.swift; path = RestTremorCountdown.swift; sourceTree = "<group>"; };
		99C4ACBF1FAEDC3C003D036C /* TestSelectViewController.swift */ = {isa = PBXFileReference; lastKnownFileType = sourcecode.swift; path = TestSelectViewController.swift; sourceTree = "<group>"; };
		99D7B9A61FB6547D00049282 /* StatisticsCalculator.swift */ = {isa = PBXFileReference; lastKnownFileType = sourcecode.swift; path = StatisticsCalculator.swift; sourceTree = "<group>"; };
		99E91AB11FAF9D3A007D8E92 /* ApprovalViewController.swift */ = {isa = PBXFileReference; lastKnownFileType = sourcecode.swift; path = ApprovalViewController.swift; sourceTree = "<group>"; };
		99E91AB51FAFB360007D8E92 /* User_Holding_Device.png */ = {isa = PBXFileReference; lastKnownFileType = image.png; name = User_Holding_Device.png; path = TremorStat/User_Holding_Device.png; sourceTree = "<group>"; };
		99F924CB1FB7BA5400E8436A /* DataStorage.swift */ = {isa = PBXFileReference; lastKnownFileType = sourcecode.swift; path = DataStorage.swift; sourceTree = "<group>"; };
		99F924CD1FB7BCCF00E8436A /* ConfigDataStorage.swift */ = {isa = PBXFileReference; lastKnownFileType = sourcecode.swift; path = ConfigDataStorage.swift; sourceTree = "<group>"; };
		B50882BC1DDE4A4600B4C55D /* GraphView.swift */ = {isa = PBXFileReference; fileEncoding = 4; lastKnownFileType = sourcecode.swift; path = GraphView.swift; sourceTree = "<group>"; };
		B579FE3F1DDD1D2700A8C0C7 /* TremorStat.app */ = {isa = PBXFileReference; explicitFileType = wrapper.application; includeInIndex = 0; path = TremorStat.app; sourceTree = BUILT_PRODUCTS_DIR; };
		B579FE421DDD1D2700A8C0C7 /* AppDelegate.swift */ = {isa = PBXFileReference; lastKnownFileType = sourcecode.swift; path = AppDelegate.swift; sourceTree = "<group>"; };
		B579FE471DDD1D2700A8C0C7 /* Base */ = {isa = PBXFileReference; lastKnownFileType = file.storyboard; name = Base; path = Base.lproj/Main.storyboard; sourceTree = "<group>"; };
		B579FE4C1DDD1D2700A8C0C7 /* Base */ = {isa = PBXFileReference; lastKnownFileType = file.storyboard; name = Base; path = Base.lproj/LaunchScreen.storyboard; sourceTree = "<group>"; };
		B579FE4E1DDD1D2700A8C0C7 /* Info.plist */ = {isa = PBXFileReference; lastKnownFileType = text.plist.xml; path = Info.plist; sourceTree = "<group>"; };
		B579FE561DDD1F6F00A8C0C7 /* UIViewController.swift */ = {isa = PBXFileReference; fileEncoding = 4; lastKnownFileType = sourcecode.swift; path = UIViewController.swift; sourceTree = "<group>"; };
		B579FE5A1DDD2D3A00A8C0C7 /* MotionGraphContainer.swift */ = {isa = PBXFileReference; fileEncoding = 4; lastKnownFileType = sourcecode.swift; path = MotionGraphContainer.swift; sourceTree = "<group>"; };
		B587D9E11DDE7F4B0087CE3D /* GraphSegment.swift */ = {isa = PBXFileReference; fileEncoding = 4; lastKnownFileType = sourcecode.swift; path = GraphSegment.swift; sourceTree = "<group>"; };
		B587D9E31DDE7FA70087CE3D /* CGContext.swift */ = {isa = PBXFileReference; fileEncoding = 4; lastKnownFileType = sourcecode.swift; path = CGContext.swift; sourceTree = "<group>"; };
		B5DEC4AB1DECB6DA00B8FC91 /* AccelerometerViewController.swift */ = {isa = PBXFileReference; fileEncoding = 4; lastKnownFileType = sourcecode.swift; path = AccelerometerViewController.swift; sourceTree = "<group>"; };
		B5DEC4AD1DECE09D00B8FC91 /* RestTremorTestViewController.swift */ = {isa = PBXFileReference; fileEncoding = 4; lastKnownFileType = sourcecode.swift; path = RestTremorTestViewController.swift; sourceTree = "<group>"; };
		B5DEC4AF1DECEBE900B8FC91 /* README.md */ = {isa = PBXFileReference; lastKnownFileType = net.daringfireball.markdown; path = README.md; sourceTree = "<group>"; };
		BF0A0B291FB91CEC00357132 /* UserProfileViewController.swift */ = {isa = PBXFileReference; fileEncoding = 4; lastKnownFileType = sourcecode.swift; path = UserProfileViewController.swift; sourceTree = "<group>"; };
		BF0EFFF11FAEA0C30076F4E2 /* Default-568h@2x.png */ = {isa = PBXFileReference; lastKnownFileType = image.png; path = "Default-568h@2x.png"; sourceTree = "<group>"; };
		BF0EFFF31FAEB2690076F4E2 /* TremorTests.storyboard */ = {isa = PBXFileReference; fileEncoding = 4; lastKnownFileType = file.storyboard; path = TremorTests.storyboard; sourceTree = "<group>"; };
		BF0EFFF61FAEBAAA0076F4E2 /* Base */ = {isa = PBXFileReference; lastKnownFileType = file.storyboard; name = Base; path = TremorStat/Base.lproj/TestResults.storyboard; sourceTree = "<group>"; };
		BF0EFFF81FAEBABA0076F4E2 /* UserProfile.storyboard */ = {isa = PBXFileReference; fileEncoding = 4; lastKnownFileType = file.storyboard; path = UserProfile.storyboard; sourceTree = "<group>"; };
		BF0EFFFB1FAEBB1A0076F4E2 /* Base */ = {isa = PBXFileReference; lastKnownFileType = file.storyboard; name = Base; path = TremorStat/Base.lproj/Settings.storyboard; sourceTree = "<group>"; };
		BF5E8B321FB1107600559754 /* TremorStatTests.xctest */ = {isa = PBXFileReference; explicitFileType = wrapper.cfbundle; includeInIndex = 0; path = TremorStatTests.xctest; sourceTree = BUILT_PRODUCTS_DIR; };
		BF5E8B341FB1107600559754 /* RestTremorTestViewControllerTests.swift */ = {isa = PBXFileReference; lastKnownFileType = sourcecode.swift; path = RestTremorTestViewControllerTests.swift; sourceTree = "<group>"; };
		BF5E8B361FB1107600559754 /* Info.plist */ = {isa = PBXFileReference; lastKnownFileType = text.plist.xml; path = Info.plist; sourceTree = "<group>"; };
		BF5E8B401FB1108900559754 /* TremorStatUITests.xctest */ = {isa = PBXFileReference; explicitFileType = wrapper.cfbundle; includeInIndex = 0; path = TremorStatUITests.xctest; sourceTree = BUILT_PRODUCTS_DIR; };
		BF5E8B421FB1108900559754 /* TremorStatUITests.swift */ = {isa = PBXFileReference; lastKnownFileType = sourcecode.swift; path = TremorStatUITests.swift; sourceTree = "<group>"; };
		BF5E8B441FB1108900559754 /* Info.plist */ = {isa = PBXFileReference; lastKnownFileType = text.plist.xml; path = Info.plist; sourceTree = "<group>"; };
		E81EE7A11FB7BDEA00B82B44 /* ActionTremorCountdown.swift */ = {isa = PBXFileReference; lastKnownFileType = sourcecode.swift; path = ActionTremorCountdown.swift; sourceTree = "<group>"; };
		E860A0111FB0461300616603 /* Assets.xcassets */ = {isa = PBXFileReference; lastKnownFileType = folder.assetcatalog; path = Assets.xcassets; sourceTree = "<group>"; };
		E8B14FC61FB65DB50051690D /* ActionTremorTest.swift */ = {isa = PBXFileReference; lastKnownFileType = sourcecode.swift; path = ActionTremorTest.swift; sourceTree = "<group>"; };
		F6E0E87F235964C44BD649CE /* Pods-TremorStatUITests.debug.xcconfig */ = {isa = PBXFileReference; includeInIndex = 1; lastKnownFileType = text.xcconfig; name = "Pods-TremorStatUITests.debug.xcconfig"; path = "Pods/Target Support Files/Pods-TremorStatUITests/Pods-TremorStatUITests.debug.xcconfig"; sourceTree = "<group>"; };
/* End PBXFileReference section */

/* Begin PBXFrameworksBuildPhase section */
		B579FE3C1DDD1D2700A8C0C7 /* Frameworks */ = {
			isa = PBXFrameworksBuildPhase;
			buildActionMask = 2147483647;
			files = (
				8CB179898654F18B962DD93D /* Pods_TremorStat.framework in Frameworks */,
			);
			runOnlyForDeploymentPostprocessing = 0;
		};
		BF5E8B2F1FB1107600559754 /* Frameworks */ = {
			isa = PBXFrameworksBuildPhase;
			buildActionMask = 2147483647;
			files = (
				BE6A92D8BBC216F4CE98CF92 /* Pods_TremorStatTests.framework in Frameworks */,
			);
			runOnlyForDeploymentPostprocessing = 0;
		};
		BF5E8B3D1FB1108900559754 /* Frameworks */ = {
			isa = PBXFrameworksBuildPhase;
			buildActionMask = 2147483647;
			files = (
				5BE994C48F10A6D488DA5AD2 /* Pods_TremorStatUITests.framework in Frameworks */,
			);
			runOnlyForDeploymentPostprocessing = 0;
		};
/* End PBXFrameworksBuildPhase section */

/* Begin PBXGroup section */
		070903DBB75D60A83D6F5B68 /* Pods */ = {
			isa = PBXGroup;
			children = (
				0110EEA7C449165018287CE0 /* Pods-TremorStat.debug.xcconfig */,
				0AC222525A7FAF275A47A546 /* Pods-TremorStat.release.xcconfig */,
				77F2C43D777639A6C24052BE /* Pods-TremorStatTests.debug.xcconfig */,
				74BA41F6FA1D18742063E7BE /* Pods-TremorStatTests.release.xcconfig */,
				F6E0E87F235964C44BD649CE /* Pods-TremorStatUITests.debug.xcconfig */,
				5A593BB165D74B9BE6113FAE /* Pods-TremorStatUITests.release.xcconfig */,
			);
			name = Pods;
			sourceTree = "<group>";
		};
		A32EB7B94C02A48A5B414C5C /* Frameworks */ = {
			isa = PBXGroup;
			children = (
				3627BF6CE47314C9AACA5E3F /* Pods_TremorStat.framework */,
				902AD4F64D24EF1000D08158 /* Pods_TremorStatTests.framework */,
				91F18339CE06465DD924DDC6 /* Pods_TremorStatUITests.framework */,
			);
			name = Frameworks;
			sourceTree = "<group>";
		};
		B579FE361DDD1D2700A8C0C7 = {
			isa = PBXGroup;
			children = (
				99E91AB51FAFB360007D8E92 /* User_Holding_Device.png */,
				BF0EFFF11FAEA0C30076F4E2 /* Default-568h@2x.png */,
				B5DEC4AF1DECEBE900B8FC91 /* README.md */,
				B579FE411DDD1D2700A8C0C7 /* TremorStat */,
				BF5E8B331FB1107600559754 /* RestTremorTestViewControllerTests */,
				BF5E8B411FB1108900559754 /* TremorStatUITests */,
				B579FE401DDD1D2700A8C0C7 /* Products */,
				856DDB581FBD413C00AADB15 /* Podfile */,
				070903DBB75D60A83D6F5B68 /* Pods */,
				A32EB7B94C02A48A5B414C5C /* Frameworks */,
			);
			sourceTree = "<group>";
		};
		B579FE401DDD1D2700A8C0C7 /* Products */ = {
			isa = PBXGroup;
			children = (
				B579FE3F1DDD1D2700A8C0C7 /* TremorStat.app */,
				BF5E8B321FB1107600559754 /* TremorStatTests.xctest */,
				BF5E8B401FB1108900559754 /* TremorStatUITests.xctest */,
			);
			name = Products;
			sourceTree = "<group>";
		};
		B579FE411DDD1D2700A8C0C7 /* TremorStat */ = {
			isa = PBXGroup;
			children = (
				BF5E8B561FB119B500559754 /* TremorTests */,
				BF5E8B581FB119CA00559754 /* GraphEngine */,
				BF5E8B531FB118F400559754 /* UserProfile */,
				BF5E8B521FB118B300559754 /* Main */,
				BF5E8B541FB1190900559754 /* Settings */,
				BF5E8B571FB119BE00559754 /* TestResults */,
				B587D9E31DDE7FA70087CE3D /* CGContext.swift */,
				B579FE421DDD1D2700A8C0C7 /* AppDelegate.swift */,
				408E5E481FAFE33F00C24543 /* UnimplementedFeature.swift */,
				B579FE4E1DDD1D2700A8C0C7 /* Info.plist */,
				E860A0111FB0461300616603 /* Assets.xcassets */,
			);
			path = TremorStat;
			sourceTree = "<group>";
		};
		BF5E8B331FB1107600559754 /* RestTremorTestViewControllerTests */ = {
			isa = PBXGroup;
			children = (
				BF5E8B341FB1107600559754 /* RestTremorTestViewControllerTests.swift */,
				BF5E8B361FB1107600559754 /* Info.plist */,
			);
			path = RestTremorTestViewControllerTests;
			sourceTree = "<group>";
		};
		BF5E8B411FB1108900559754 /* TremorStatUITests */ = {
			isa = PBXGroup;
			children = (
				BF5E8B421FB1108900559754 /* TremorStatUITests.swift */,
				BF5E8B441FB1108900559754 /* Info.plist */,
			);
			path = TremorStatUITests;
			sourceTree = "<group>";
		};
		BF5E8B521FB118B300559754 /* Main */ = {
			isa = PBXGroup;
			children = (
				B579FE461DDD1D2700A8C0C7 /* Main.storyboard */,
			);
			path = Main;
			sourceTree = "<group>";
		};
		BF5E8B531FB118F400559754 /* UserProfile */ = {
			isa = PBXGroup;
			children = (
				BF0A0B291FB91CEC00357132 /* UserProfileViewController.swift */,
				BF0EFFF81FAEBABA0076F4E2 /* UserProfile.storyboard */,
			);
			path = UserProfile;
			sourceTree = "<group>";
		};
		BF5E8B541FB1190900559754 /* Settings */ = {
			isa = PBXGroup;
			children = (
				BF0EFFFA1FAEBB1A0076F4E2 /* Settings.storyboard */,
			);
			path = Settings;
			sourceTree = "<group>";
		};
		BF5E8B551FB1191700559754 /* LaunchScreen */ = {
			isa = PBXGroup;
			children = (
				B579FE4B1DDD1D2700A8C0C7 /* LaunchScreen.storyboard */,
			);
			path = LaunchScreen;
			sourceTree = "<group>";
		};
		BF5E8B561FB119B500559754 /* TremorTests */ = {
			isa = PBXGroup;
			children = (
				40CCEDC61FB9306900D5A4DE /* ActionTremorTestApprovalPageViewController.swift */,
				40CCEDC41FB903BB00D5A4DE /* Active_Tremor_Test_InAction.jpg */,
				99D7B9A61FB6547D00049282 /* StatisticsCalculator.swift */,
				99C4ACBD1FAEDC21003D036C /* RestTremorCountdown.swift */,
				B5DEC4AD1DECE09D00B8FC91 /* RestTremorTestViewController.swift */,
				E81EE7A11FB7BDEA00B82B44 /* ActionTremorCountdown.swift */,
				E8B14FC61FB65DB50051690D /* ActionTremorTest.swift */,
				B5DEC4AB1DECB6DA00B8FC91 /* AccelerometerViewController.swift */,
				99C4ACBF1FAEDC3C003D036C /* TestSelectViewController.swift */,
				99E91AB11FAF9D3A007D8E92 /* ApprovalViewController.swift */,
				408E5E561FB0223F00C24543 /* RestTremorTestInfoViewController.swift */,
				BF0EFFF31FAEB2690076F4E2 /* TremorTests.storyboard */,
				99F924CB1FB7BA5400E8436A /* DataStorage.swift */,
				99F924CD1FB7BCCF00E8436A /* ConfigDataStorage.swift */,
			);
			path = TremorTests;
			sourceTree = "<group>";
		};
		BF5E8B571FB119BE00559754 /* TestResults */ = {
			isa = PBXGroup;
			children = (
				BF5E8B551FB1191700559754 /* LaunchScreen */,
				BF0EFFF51FAEBAAA0076F4E2 /* TestResults.storyboard */,
			);
			path = TestResults;
			sourceTree = "<group>";
		};
		BF5E8B581FB119CA00559754 /* GraphEngine */ = {
			isa = PBXGroup;
			children = (
				B579FE5A1DDD2D3A00A8C0C7 /* MotionGraphContainer.swift */,
				B579FE561DDD1F6F00A8C0C7 /* UIViewController.swift */,
				B50882BC1DDE4A4600B4C55D /* GraphView.swift */,
				B587D9E11DDE7F4B0087CE3D /* GraphSegment.swift */,
			);
			path = GraphEngine;
			sourceTree = "<group>";
		};
/* End PBXGroup section */

/* Begin PBXNativeTarget section */
		B579FE3E1DDD1D2700A8C0C7 /* TremorStat */ = {
			isa = PBXNativeTarget;
			buildConfigurationList = B579FE511DDD1D2700A8C0C7 /* Build configuration list for PBXNativeTarget "TremorStat" */;
			buildPhases = (
				BC6F1E920BE42DDBF94D4E85 /* [CP] Check Pods Manifest.lock */,
				B579FE3B1DDD1D2700A8C0C7 /* Sources */,
				B579FE3C1DDD1D2700A8C0C7 /* Frameworks */,
				B579FE3D1DDD1D2700A8C0C7 /* Resources */,
				A6712AD3423C381E74F88588 /* [CP] Embed Pods Frameworks */,
				11A30F74C055EB0D57AFA390 /* [CP] Copy Pods Resources */,
			);
			buildRules = (
			);
			dependencies = (
			);
			name = TremorStat;
			productName = MotionGraphs;
			productReference = B579FE3F1DDD1D2700A8C0C7 /* TremorStat.app */;
			productType = "com.apple.product-type.application";
		};
		BF5E8B311FB1107600559754 /* TremorStatTests */ = {
			isa = PBXNativeTarget;
			buildConfigurationList = BF5E8B391FB1107600559754 /* Build configuration list for PBXNativeTarget "TremorStatTests" */;
			buildPhases = (
				A339125A62BFB9B70083DDD1 /* [CP] Check Pods Manifest.lock */,
				BF5E8B2E1FB1107600559754 /* Sources */,
				BF5E8B2F1FB1107600559754 /* Frameworks */,
				BF5E8B301FB1107600559754 /* Resources */,
				2C8B4D3A05BCF1B0D1A01262 /* [CP] Embed Pods Frameworks */,
				45EEA8691D6B9A4BF373015F /* [CP] Copy Pods Resources */,
			);
			buildRules = (
			);
			dependencies = (
				BF5E8B381FB1107600559754 /* PBXTargetDependency */,
			);
			name = TremorStatTests;
			productName = TremorStatTests;
			productReference = BF5E8B321FB1107600559754 /* TremorStatTests.xctest */;
			productType = "com.apple.product-type.bundle.unit-test";
		};
		BF5E8B3F1FB1108900559754 /* TremorStatUITests */ = {
			isa = PBXNativeTarget;
			buildConfigurationList = BF5E8B471FB1108900559754 /* Build configuration list for PBXNativeTarget "TremorStatUITests" */;
			buildPhases = (
				778D899884B6D7C74583E60B /* [CP] Check Pods Manifest.lock */,
				BF5E8B3C1FB1108900559754 /* Sources */,
				BF5E8B3D1FB1108900559754 /* Frameworks */,
				BF5E8B3E1FB1108900559754 /* Resources */,
				4C109C5D4CC617E1878405E3 /* [CP] Embed Pods Frameworks */,
				FB1C8AD5EF9AF20F7509EB01 /* [CP] Copy Pods Resources */,
			);
			buildRules = (
			);
			dependencies = (
				BF5E8B461FB1108900559754 /* PBXTargetDependency */,
			);
			name = TremorStatUITests;
			productName = TremorStatUITests;
			productReference = BF5E8B401FB1108900559754 /* TremorStatUITests.xctest */;
			productType = "com.apple.product-type.bundle.ui-testing";
		};
/* End PBXNativeTarget section */

/* Begin PBXProject section */
		B579FE371DDD1D2700A8C0C7 /* Project object */ = {
			isa = PBXProject;
			attributes = {
				LastSwiftUpdateCheck = 0900;
				LastUpgradeCheck = 0900;
				ORGANIZATIONNAME = "Best Software";
				TargetAttributes = {
					B579FE3E1DDD1D2700A8C0C7 = {
						CreatedOnToolsVersion = 8.2;
						DevelopmentTeam = E2E74B2ZSJ;
						LastSwiftMigration = 0900;
						ProvisioningStyle = Automatic;
					};
					BF5E8B311FB1107600559754 = {
						CreatedOnToolsVersion = 9.0.1;
						DevelopmentTeam = DUV5LZ574A;
						ProvisioningStyle = Automatic;
						TestTargetID = B579FE3E1DDD1D2700A8C0C7;
					};
					BF5E8B3F1FB1108900559754 = {
						CreatedOnToolsVersion = 9.0.1;
						DevelopmentTeam = DUV5LZ574A;
						ProvisioningStyle = Automatic;
						TestTargetID = B579FE3E1DDD1D2700A8C0C7;
					};
				};
			};
			buildConfigurationList = B579FE3A1DDD1D2700A8C0C7 /* Build configuration list for PBXProject "TremorStat" */;
			compatibilityVersion = "Xcode 3.2";
			developmentRegion = English;
			hasScannedForEncodings = 0;
			knownRegions = (
				en,
				Base,
			);
			mainGroup = B579FE361DDD1D2700A8C0C7;
			productRefGroup = B579FE401DDD1D2700A8C0C7 /* Products */;
			projectDirPath = "";
			projectRoot = "";
			targets = (
				B579FE3E1DDD1D2700A8C0C7 /* TremorStat */,
				BF5E8B311FB1107600559754 /* TremorStatTests */,
				BF5E8B3F1FB1108900559754 /* TremorStatUITests */,
			);
		};
/* End PBXProject section */

/* Begin PBXResourcesBuildPhase section */
		B579FE3D1DDD1D2700A8C0C7 /* Resources */ = {
			isa = PBXResourcesBuildPhase;
			buildActionMask = 2147483647;
			files = (
				99E91AB61FAFB360007D8E92 /* User_Holding_Device.png in Resources */,
				BF0EFFF91FAEBABA0076F4E2 /* UserProfile.storyboard in Resources */,
				BF0EFFF41FAEB2690076F4E2 /* TremorTests.storyboard in Resources */,
				40CCEDC51FB903BC00D5A4DE /* Active_Tremor_Test_InAction.jpg in Resources */,
				B579FE4D1DDD1D2700A8C0C7 /* LaunchScreen.storyboard in Resources */,
				E860A0121FB0461400616603 /* Assets.xcassets in Resources */,
				BF0EFFFC1FAEBB1A0076F4E2 /* Settings.storyboard in Resources */,
				BF0EFFF21FAEA0C30076F4E2 /* Default-568h@2x.png in Resources */,
				BF0EFFF71FAEBAAA0076F4E2 /* TestResults.storyboard in Resources */,
				B579FE481DDD1D2700A8C0C7 /* Main.storyboard in Resources */,
				856DDB591FBD413C00AADB15 /* Podfile in Resources */,
			);
			runOnlyForDeploymentPostprocessing = 0;
		};
		BF5E8B301FB1107600559754 /* Resources */ = {
			isa = PBXResourcesBuildPhase;
			buildActionMask = 2147483647;
			files = (
			);
			runOnlyForDeploymentPostprocessing = 0;
		};
		BF5E8B3E1FB1108900559754 /* Resources */ = {
			isa = PBXResourcesBuildPhase;
			buildActionMask = 2147483647;
			files = (
			);
			runOnlyForDeploymentPostprocessing = 0;
		};
/* End PBXResourcesBuildPhase section */

/* Begin PBXShellScriptBuildPhase section */
		11A30F74C055EB0D57AFA390 /* [CP] Copy Pods Resources */ = {
			isa = PBXShellScriptBuildPhase;
			buildActionMask = 2147483647;
			files = (
			);
			inputPaths = (
			);
			name = "[CP] Copy Pods Resources";
			outputPaths = (
			);
			runOnlyForDeploymentPostprocessing = 0;
			shellPath = /bin/sh;
			shellScript = "\"${SRCROOT}/Pods/Target Support Files/Pods-TremorStat/Pods-TremorStat-resources.sh\"\n";
			showEnvVarsInLog = 0;
		};
		2C8B4D3A05BCF1B0D1A01262 /* [CP] Embed Pods Frameworks */ = {
			isa = PBXShellScriptBuildPhase;
			buildActionMask = 2147483647;
			files = (
			);
			inputPaths = (
			);
			name = "[CP] Embed Pods Frameworks";
			outputPaths = (
			);
			runOnlyForDeploymentPostprocessing = 0;
			shellPath = /bin/sh;
			shellScript = "\"${SRCROOT}/Pods/Target Support Files/Pods-TremorStatTests/Pods-TremorStatTests-frameworks.sh\"\n";
			showEnvVarsInLog = 0;
		};
		45EEA8691D6B9A4BF373015F /* [CP] Copy Pods Resources */ = {
			isa = PBXShellScriptBuildPhase;
			buildActionMask = 2147483647;
			files = (
			);
			inputPaths = (
			);
			name = "[CP] Copy Pods Resources";
			outputPaths = (
			);
			runOnlyForDeploymentPostprocessing = 0;
			shellPath = /bin/sh;
			shellScript = "\"${SRCROOT}/Pods/Target Support Files/Pods-TremorStatTests/Pods-TremorStatTests-resources.sh\"\n";
			showEnvVarsInLog = 0;
		};
		4C109C5D4CC617E1878405E3 /* [CP] Embed Pods Frameworks */ = {
			isa = PBXShellScriptBuildPhase;
			buildActionMask = 2147483647;
			files = (
			);
			inputPaths = (
			);
			name = "[CP] Embed Pods Frameworks";
			outputPaths = (
			);
			runOnlyForDeploymentPostprocessing = 0;
			shellPath = /bin/sh;
			shellScript = "\"${SRCROOT}/Pods/Target Support Files/Pods-TremorStatUITests/Pods-TremorStatUITests-frameworks.sh\"\n";
			showEnvVarsInLog = 0;
		};
		778D899884B6D7C74583E60B /* [CP] Check Pods Manifest.lock */ = {
			isa = PBXShellScriptBuildPhase;
			buildActionMask = 2147483647;
			files = (
			);
			inputPaths = (
				"${PODS_PODFILE_DIR_PATH}/Podfile.lock",
				"${PODS_ROOT}/Manifest.lock",
			);
			name = "[CP] Check Pods Manifest.lock";
			outputPaths = (
				"$(DERIVED_FILE_DIR)/Pods-TremorStatUITests-checkManifestLockResult.txt",
			);
			runOnlyForDeploymentPostprocessing = 0;
			shellPath = /bin/sh;
			shellScript = "diff \"${PODS_PODFILE_DIR_PATH}/Podfile.lock\" \"${PODS_ROOT}/Manifest.lock\" > /dev/null\nif [ $? != 0 ] ; then\n    # print error to STDERR\n    echo \"error: The sandbox is not in sync with the Podfile.lock. Run 'pod install' or update your CocoaPods installation.\" >&2\n    exit 1\nfi\n# This output is used by Xcode 'outputs' to avoid re-running this script phase.\necho \"SUCCESS\" > \"${SCRIPT_OUTPUT_FILE_0}\"\n";
			showEnvVarsInLog = 0;
		};
		A339125A62BFB9B70083DDD1 /* [CP] Check Pods Manifest.lock */ = {
			isa = PBXShellScriptBuildPhase;
			buildActionMask = 2147483647;
			files = (
			);
			inputPaths = (
				"${PODS_PODFILE_DIR_PATH}/Podfile.lock",
				"${PODS_ROOT}/Manifest.lock",
			);
			name = "[CP] Check Pods Manifest.lock";
			outputPaths = (
				"$(DERIVED_FILE_DIR)/Pods-TremorStatTests-checkManifestLockResult.txt",
			);
			runOnlyForDeploymentPostprocessing = 0;
			shellPath = /bin/sh;
			shellScript = "diff \"${PODS_PODFILE_DIR_PATH}/Podfile.lock\" \"${PODS_ROOT}/Manifest.lock\" > /dev/null\nif [ $? != 0 ] ; then\n    # print error to STDERR\n    echo \"error: The sandbox is not in sync with the Podfile.lock. Run 'pod install' or update your CocoaPods installation.\" >&2\n    exit 1\nfi\n# This output is used by Xcode 'outputs' to avoid re-running this script phase.\necho \"SUCCESS\" > \"${SCRIPT_OUTPUT_FILE_0}\"\n";
			showEnvVarsInLog = 0;
		};
		A6712AD3423C381E74F88588 /* [CP] Embed Pods Frameworks */ = {
			isa = PBXShellScriptBuildPhase;
			buildActionMask = 2147483647;
			files = (
			);
			inputPaths = (
				"${SRCROOT}/Pods/Target Support Files/Pods-TremorStat/Pods-TremorStat-frameworks.sh",
				"${BUILT_PRODUCTS_DIR}/Material/Material.framework",
			);
			name = "[CP] Embed Pods Frameworks";
			outputPaths = (
				"${TARGET_BUILD_DIR}/${FRAMEWORKS_FOLDER_PATH}/Material.framework",
			);
			runOnlyForDeploymentPostprocessing = 0;
			shellPath = /bin/sh;
			shellScript = "\"${SRCROOT}/Pods/Target Support Files/Pods-TremorStat/Pods-TremorStat-frameworks.sh\"\n";
			showEnvVarsInLog = 0;
		};
		BC6F1E920BE42DDBF94D4E85 /* [CP] Check Pods Manifest.lock */ = {
			isa = PBXShellScriptBuildPhase;
			buildActionMask = 2147483647;
			files = (
			);
			inputPaths = (
				"${PODS_PODFILE_DIR_PATH}/Podfile.lock",
				"${PODS_ROOT}/Manifest.lock",
			);
			name = "[CP] Check Pods Manifest.lock";
			outputPaths = (
				"$(DERIVED_FILE_DIR)/Pods-TremorStat-checkManifestLockResult.txt",
			);
			runOnlyForDeploymentPostprocessing = 0;
			shellPath = /bin/sh;
			shellScript = "diff \"${PODS_PODFILE_DIR_PATH}/Podfile.lock\" \"${PODS_ROOT}/Manifest.lock\" > /dev/null\nif [ $? != 0 ] ; then\n    # print error to STDERR\n    echo \"error: The sandbox is not in sync with the Podfile.lock. Run 'pod install' or update your CocoaPods installation.\" >&2\n    exit 1\nfi\n# This output is used by Xcode 'outputs' to avoid re-running this script phase.\necho \"SUCCESS\" > \"${SCRIPT_OUTPUT_FILE_0}\"\n";
			showEnvVarsInLog = 0;
		};
		FB1C8AD5EF9AF20F7509EB01 /* [CP] Copy Pods Resources */ = {
			isa = PBXShellScriptBuildPhase;
			buildActionMask = 2147483647;
			files = (
			);
			inputPaths = (
			);
			name = "[CP] Copy Pods Resources";
			outputPaths = (
			);
			runOnlyForDeploymentPostprocessing = 0;
			shellPath = /bin/sh;
			shellScript = "\"${SRCROOT}/Pods/Target Support Files/Pods-TremorStatUITests/Pods-TremorStatUITests-resources.sh\"\n";
			showEnvVarsInLog = 0;
		};
/* End PBXShellScriptBuildPhase section */

/* Begin PBXSourcesBuildPhase section */
		B579FE3B1DDD1D2700A8C0C7 /* Sources */ = {
			isa = PBXSourcesBuildPhase;
			buildActionMask = 2147483647;
			files = (
				B587D9E41DDE7FA70087CE3D /* CGContext.swift in Sources */,
				99F924CE1FB7BCCF00E8436A /* ConfigDataStorage.swift in Sources */,
				BF0A0B2A1FB91CEC00357132 /* UserProfileViewController.swift in Sources */,
				B5DEC4AE1DECE09D00B8FC91 /* RestTremorTestViewController.swift in Sources */,
				E81EE7A21FB7BDEA00B82B44 /* ActionTremorCountdown.swift in Sources */,
				408E5E491FAFE33F00C24543 /* UnimplementedFeature.swift in Sources */,
				99F924CC1FB7BA5400E8436A /* DataStorage.swift in Sources */,
				408E5E571FB0223F00C24543 /* RestTremorTestInfoViewController.swift in Sources */,
				B50882BD1DDE4A4600B4C55D /* GraphView.swift in Sources */,
				E8B14FC71FB65DB50051690D /* ActionTremorTest.swift in Sources */,
				B579FE571DDD1F6F00A8C0C7 /* UIViewController.swift in Sources */,
				B587D9E21DDE7F4B0087CE3D /* GraphSegment.swift in Sources */,
				99E91AB21FAF9D3A007D8E92 /* ApprovalViewController.swift in Sources */,
				99D7B9A71FB6547D00049282 /* StatisticsCalculator.swift in Sources */,
				B5DEC4AC1DECB6DA00B8FC91 /* AccelerometerViewController.swift in Sources */,
				40CCEDC71FB9306900D5A4DE /* ActionTremorTestApprovalPageViewController.swift in Sources */,
				99C4ACBE1FAEDC21003D036C /* RestTremorCountdown.swift in Sources */,
				B579FE5B1DDD2D3A00A8C0C7 /* MotionGraphContainer.swift in Sources */,
				B579FE431DDD1D2700A8C0C7 /* AppDelegate.swift in Sources */,
				99C4ACC01FAEDC3C003D036C /* TestSelectViewController.swift in Sources */,
			);
			runOnlyForDeploymentPostprocessing = 0;
		};
		BF5E8B2E1FB1107600559754 /* Sources */ = {
			isa = PBXSourcesBuildPhase;
			buildActionMask = 2147483647;
			files = (
				99D7B9A81FB66CCD00049282 /* StatisticsCalculator.swift in Sources */,
				BF5E8B351FB1107600559754 /* RestTremorTestViewControllerTests.swift in Sources */,
			);
			runOnlyForDeploymentPostprocessing = 0;
		};
		BF5E8B3C1FB1108900559754 /* Sources */ = {
			isa = PBXSourcesBuildPhase;
			buildActionMask = 2147483647;
			files = (
				BF5E8B431FB1108900559754 /* TremorStatUITests.swift in Sources */,
			);
			runOnlyForDeploymentPostprocessing = 0;
		};
/* End PBXSourcesBuildPhase section */

/* Begin PBXTargetDependency section */
		BF5E8B381FB1107600559754 /* PBXTargetDependency */ = {
			isa = PBXTargetDependency;
			target = B579FE3E1DDD1D2700A8C0C7 /* TremorStat */;
			targetProxy = BF5E8B371FB1107600559754 /* PBXContainerItemProxy */;
		};
		BF5E8B461FB1108900559754 /* PBXTargetDependency */ = {
			isa = PBXTargetDependency;
			target = B579FE3E1DDD1D2700A8C0C7 /* TremorStat */;
			targetProxy = BF5E8B451FB1108900559754 /* PBXContainerItemProxy */;
		};
/* End PBXTargetDependency section */

/* Begin PBXVariantGroup section */
		B579FE461DDD1D2700A8C0C7 /* Main.storyboard */ = {
			isa = PBXVariantGroup;
			children = (
				B579FE471DDD1D2700A8C0C7 /* Base */,
			);
			name = Main.storyboard;
			sourceTree = "<group>";
		};
		B579FE4B1DDD1D2700A8C0C7 /* LaunchScreen.storyboard */ = {
			isa = PBXVariantGroup;
			children = (
				B579FE4C1DDD1D2700A8C0C7 /* Base */,
			);
			name = LaunchScreen.storyboard;
			sourceTree = "<group>";
		};
		BF0EFFF51FAEBAAA0076F4E2 /* TestResults.storyboard */ = {
			isa = PBXVariantGroup;
			children = (
				BF0EFFF61FAEBAAA0076F4E2 /* Base */,
			);
			name = TestResults.storyboard;
			sourceTree = "<group>";
		};
		BF0EFFFA1FAEBB1A0076F4E2 /* Settings.storyboard */ = {
			isa = PBXVariantGroup;
			children = (
				BF0EFFFB1FAEBB1A0076F4E2 /* Base */,
			);
			name = Settings.storyboard;
			sourceTree = "<group>";
		};
/* End PBXVariantGroup section */

/* Begin XCBuildConfiguration section */
		B579FE4F1DDD1D2700A8C0C7 /* Debug */ = {
			isa = XCBuildConfiguration;
			buildSettings = {
				ALWAYS_SEARCH_USER_PATHS = NO;
				CLANG_ANALYZER_NONNULL = YES;
				CLANG_CXX_LANGUAGE_STANDARD = "gnu++0x";
				CLANG_CXX_LIBRARY = "libc++";
				CLANG_ENABLE_MODULES = YES;
				CLANG_ENABLE_OBJC_ARC = YES;
				CLANG_WARN_BLOCK_CAPTURE_AUTORELEASING = YES;
				CLANG_WARN_BOOL_CONVERSION = YES;
				CLANG_WARN_COMMA = YES;
				CLANG_WARN_CONSTANT_CONVERSION = YES;
				CLANG_WARN_DIRECT_OBJC_ISA_USAGE = YES_ERROR;
				CLANG_WARN_DOCUMENTATION_COMMENTS = YES;
				CLANG_WARN_EMPTY_BODY = YES;
				CLANG_WARN_ENUM_CONVERSION = YES;
				CLANG_WARN_INFINITE_RECURSION = YES;
				CLANG_WARN_INT_CONVERSION = YES;
				CLANG_WARN_NON_LITERAL_NULL_CONVERSION = YES;
				CLANG_WARN_OBJC_LITERAL_CONVERSION = YES;
				CLANG_WARN_OBJC_ROOT_CLASS = YES_ERROR;
				CLANG_WARN_RANGE_LOOP_ANALYSIS = YES;
				CLANG_WARN_STRICT_PROTOTYPES = YES;
				CLANG_WARN_SUSPICIOUS_MOVE = YES;
				CLANG_WARN_UNREACHABLE_CODE = YES;
				CLANG_WARN__DUPLICATE_METHOD_MATCH = YES;
				"CODE_SIGN_IDENTITY[sdk=iphoneos*]" = "iPhone Developer";
				COPY_PHASE_STRIP = NO;
				DEBUG_INFORMATION_FORMAT = dwarf;
				ENABLE_STRICT_OBJC_MSGSEND = YES;
				ENABLE_TESTABILITY = YES;
				GCC_C_LANGUAGE_STANDARD = gnu99;
				GCC_DYNAMIC_NO_PIC = NO;
				GCC_NO_COMMON_BLOCKS = YES;
				GCC_OPTIMIZATION_LEVEL = 0;
				GCC_PREPROCESSOR_DEFINITIONS = (
					"DEBUG=1",
					"$(inherited)",
				);
				GCC_WARN_64_TO_32_BIT_CONVERSION = YES;
				GCC_WARN_ABOUT_RETURN_TYPE = YES_ERROR;
				GCC_WARN_UNDECLARED_SELECTOR = YES;
				GCC_WARN_UNINITIALIZED_AUTOS = YES_AGGRESSIVE;
				GCC_WARN_UNUSED_FUNCTION = YES;
				GCC_WARN_UNUSED_VARIABLE = YES;
				IPHONEOS_DEPLOYMENT_TARGET = 10.3;
				MTL_ENABLE_DEBUG_INFO = YES;
				ONLY_ACTIVE_ARCH = YES;
				SDKROOT = iphoneos;
				SWIFT_ACTIVE_COMPILATION_CONDITIONS = DEBUG;
				SWIFT_OPTIMIZATION_LEVEL = "-Onone";
			};
			name = Debug;
		};
		B579FE501DDD1D2700A8C0C7 /* Release */ = {
			isa = XCBuildConfiguration;
			buildSettings = {
				ALWAYS_SEARCH_USER_PATHS = NO;
				CLANG_ANALYZER_NONNULL = YES;
				CLANG_CXX_LANGUAGE_STANDARD = "gnu++0x";
				CLANG_CXX_LIBRARY = "libc++";
				CLANG_ENABLE_MODULES = YES;
				CLANG_ENABLE_OBJC_ARC = YES;
				CLANG_WARN_BLOCK_CAPTURE_AUTORELEASING = YES;
				CLANG_WARN_BOOL_CONVERSION = YES;
				CLANG_WARN_COMMA = YES;
				CLANG_WARN_CONSTANT_CONVERSION = YES;
				CLANG_WARN_DIRECT_OBJC_ISA_USAGE = YES_ERROR;
				CLANG_WARN_DOCUMENTATION_COMMENTS = YES;
				CLANG_WARN_EMPTY_BODY = YES;
				CLANG_WARN_ENUM_CONVERSION = YES;
				CLANG_WARN_INFINITE_RECURSION = YES;
				CLANG_WARN_INT_CONVERSION = YES;
				CLANG_WARN_NON_LITERAL_NULL_CONVERSION = YES;
				CLANG_WARN_OBJC_LITERAL_CONVERSION = YES;
				CLANG_WARN_OBJC_ROOT_CLASS = YES_ERROR;
				CLANG_WARN_RANGE_LOOP_ANALYSIS = YES;
				CLANG_WARN_STRICT_PROTOTYPES = YES;
				CLANG_WARN_SUSPICIOUS_MOVE = YES;
				CLANG_WARN_UNREACHABLE_CODE = YES;
				CLANG_WARN__DUPLICATE_METHOD_MATCH = YES;
				"CODE_SIGN_IDENTITY[sdk=iphoneos*]" = "iPhone Developer";
				COPY_PHASE_STRIP = NO;
				DEBUG_INFORMATION_FORMAT = "dwarf-with-dsym";
				ENABLE_NS_ASSERTIONS = NO;
				ENABLE_STRICT_OBJC_MSGSEND = YES;
				GCC_C_LANGUAGE_STANDARD = gnu99;
				GCC_NO_COMMON_BLOCKS = YES;
				GCC_WARN_64_TO_32_BIT_CONVERSION = YES;
				GCC_WARN_ABOUT_RETURN_TYPE = YES_ERROR;
				GCC_WARN_UNDECLARED_SELECTOR = YES;
				GCC_WARN_UNINITIALIZED_AUTOS = YES_AGGRESSIVE;
				GCC_WARN_UNUSED_FUNCTION = YES;
				GCC_WARN_UNUSED_VARIABLE = YES;
				IPHONEOS_DEPLOYMENT_TARGET = 10.3;
				MTL_ENABLE_DEBUG_INFO = NO;
				SDKROOT = iphoneos;
				SWIFT_OPTIMIZATION_LEVEL = "-Owholemodule";
				VALIDATE_PRODUCT = YES;
			};
			name = Release;
		};
		B579FE521DDD1D2700A8C0C7 /* Debug */ = {
			isa = XCBuildConfiguration;
			baseConfigurationReference = 0110EEA7C449165018287CE0 /* Pods-TremorStat.debug.xcconfig */;
			buildSettings = {
				ASSETCATALOG_COMPILER_APPICON_NAME = AppIcon;
				DEVELOPMENT_TEAM = E2E74B2ZSJ;
				INFOPLIST_FILE = "$(SRCROOT)/TremorStat/Info.plist";
				IPHONEOS_DEPLOYMENT_TARGET = 10.3;
				LD_RUNPATH_SEARCH_PATHS = "$(inherited) @executable_path/Frameworks";
				PRODUCT_BUNDLE_IDENTIFIER = "Best-Software.TremorStat1";
				PRODUCT_NAME = "$(TARGET_NAME)";
				SWIFT_SWIFT3_OBJC_INFERENCE = On;
				SWIFT_VERSION = 4.0;
				TARGETED_DEVICE_FAMILY = "1,2";
			};
			name = Debug;
		};
		B579FE531DDD1D2700A8C0C7 /* Release */ = {
			isa = XCBuildConfiguration;
			baseConfigurationReference = 0AC222525A7FAF275A47A546 /* Pods-TremorStat.release.xcconfig */;
			buildSettings = {
				ASSETCATALOG_COMPILER_APPICON_NAME = AppIcon;
				DEVELOPMENT_TEAM = E2E74B2ZSJ;
				INFOPLIST_FILE = "$(SRCROOT)/TremorStat/Info.plist";
				IPHONEOS_DEPLOYMENT_TARGET = 10.3;
				LD_RUNPATH_SEARCH_PATHS = "$(inherited) @executable_path/Frameworks";
				PRODUCT_BUNDLE_IDENTIFIER = "Best-Software.TremorStat1";
				PRODUCT_NAME = "$(TARGET_NAME)";
				SWIFT_SWIFT3_OBJC_INFERENCE = On;
				SWIFT_VERSION = 4.0;
				TARGETED_DEVICE_FAMILY = "1,2";
			};
			name = Release;
		};
		BF5E8B3A1FB1107600559754 /* Debug */ = {
			isa = XCBuildConfiguration;
			baseConfigurationReference = 77F2C43D777639A6C24052BE /* Pods-TremorStatTests.debug.xcconfig */;
			buildSettings = {
				BUNDLE_LOADER = "$(TEST_HOST)";
				CLANG_ANALYZER_NUMBER_OBJECT_CONVERSION = YES_AGGRESSIVE;
				CLANG_CXX_LANGUAGE_STANDARD = "gnu++14";
				CLANG_WARN_UNGUARDED_AVAILABILITY = YES_AGGRESSIVE;
				CODE_SIGN_IDENTITY = "iPhone Developer";
				CODE_SIGN_STYLE = Automatic;
				DEVELOPMENT_TEAM = DUV5LZ574A;
				GCC_C_LANGUAGE_STANDARD = gnu11;
				INFOPLIST_FILE = TremorStatTests/Info.plist;
				IPHONEOS_DEPLOYMENT_TARGET = 11.0;
				LD_RUNPATH_SEARCH_PATHS = "$(inherited) @executable_path/Frameworks @loader_path/Frameworks";
				PRODUCT_BUNDLE_IDENTIFIER = "Best-Software.TremorStatTests";
				PRODUCT_NAME = "$(TARGET_NAME)";
				SWIFT_VERSION = 4.0;
				TARGETED_DEVICE_FAMILY = "1,2";
				TEST_HOST = "$(BUILT_PRODUCTS_DIR)/TremorStat.app/TremorStat";
			};
			name = Debug;
		};
		BF5E8B3B1FB1107600559754 /* Release */ = {
			isa = XCBuildConfiguration;
			baseConfigurationReference = 74BA41F6FA1D18742063E7BE /* Pods-TremorStatTests.release.xcconfig */;
			buildSettings = {
				BUNDLE_LOADER = "$(TEST_HOST)";
				CLANG_ANALYZER_NUMBER_OBJECT_CONVERSION = YES_AGGRESSIVE;
				CLANG_CXX_LANGUAGE_STANDARD = "gnu++14";
				CLANG_WARN_UNGUARDED_AVAILABILITY = YES_AGGRESSIVE;
				CODE_SIGN_IDENTITY = "iPhone Developer";
				CODE_SIGN_STYLE = Automatic;
				DEVELOPMENT_TEAM = DUV5LZ574A;
				GCC_C_LANGUAGE_STANDARD = gnu11;
				INFOPLIST_FILE = TremorStatTests/Info.plist;
				IPHONEOS_DEPLOYMENT_TARGET = 11.0;
				LD_RUNPATH_SEARCH_PATHS = "$(inherited) @executable_path/Frameworks @loader_path/Frameworks";
				PRODUCT_BUNDLE_IDENTIFIER = "Best-Software.TremorStatTests";
				PRODUCT_NAME = "$(TARGET_NAME)";
				SWIFT_VERSION = 4.0;
				TARGETED_DEVICE_FAMILY = "1,2";
				TEST_HOST = "$(BUILT_PRODUCTS_DIR)/TremorStat.app/TremorStat";
			};
			name = Release;
		};
		BF5E8B481FB1108900559754 /* Debug */ = {
			isa = XCBuildConfiguration;
			baseConfigurationReference = F6E0E87F235964C44BD649CE /* Pods-TremorStatUITests.debug.xcconfig */;
			buildSettings = {
				CLANG_ANALYZER_NUMBER_OBJECT_CONVERSION = YES_AGGRESSIVE;
				CLANG_CXX_LANGUAGE_STANDARD = "gnu++14";
				CLANG_WARN_UNGUARDED_AVAILABILITY = YES_AGGRESSIVE;
				CODE_SIGN_IDENTITY = "iPhone Developer";
				CODE_SIGN_STYLE = Automatic;
				DEVELOPMENT_TEAM = DUV5LZ574A;
				GCC_C_LANGUAGE_STANDARD = gnu11;
				INFOPLIST_FILE = TremorStatUITests/Info.plist;
				IPHONEOS_DEPLOYMENT_TARGET = 11.0;
				LD_RUNPATH_SEARCH_PATHS = "$(inherited) @executable_path/Frameworks @loader_path/Frameworks";
				PRODUCT_BUNDLE_IDENTIFIER = "Best-Software.TremorStatUITests";
				PRODUCT_NAME = "$(TARGET_NAME)";
				SWIFT_VERSION = 4.0;
				TARGETED_DEVICE_FAMILY = "1,2";
				TEST_TARGET_NAME = TremorStat;
			};
			name = Debug;
		};
		BF5E8B491FB1108900559754 /* Release */ = {
			isa = XCBuildConfiguration;
			baseConfigurationReference = 5A593BB165D74B9BE6113FAE /* Pods-TremorStatUITests.release.xcconfig */;
			buildSettings = {
				CLANG_ANALYZER_NUMBER_OBJECT_CONVERSION = YES_AGGRESSIVE;
				CLANG_CXX_LANGUAGE_STANDARD = "gnu++14";
				CLANG_WARN_UNGUARDED_AVAILABILITY = YES_AGGRESSIVE;
				CODE_SIGN_IDENTITY = "iPhone Developer";
				CODE_SIGN_STYLE = Automatic;
				DEVELOPMENT_TEAM = DUV5LZ574A;
				GCC_C_LANGUAGE_STANDARD = gnu11;
				INFOPLIST_FILE = TremorStatUITests/Info.plist;
				IPHONEOS_DEPLOYMENT_TARGET = 11.0;
				LD_RUNPATH_SEARCH_PATHS = "$(inherited) @executable_path/Frameworks @loader_path/Frameworks";
				PRODUCT_BUNDLE_IDENTIFIER = "Best-Software.TremorStatUITests";
				PRODUCT_NAME = "$(TARGET_NAME)";
				SWIFT_VERSION = 4.0;
				TARGETED_DEVICE_FAMILY = "1,2";
				TEST_TARGET_NAME = TremorStat;
			};
			name = Release;
		};
/* End XCBuildConfiguration section */

/* Begin XCConfigurationList section */
		B579FE3A1DDD1D2700A8C0C7 /* Build configuration list for PBXProject "TremorStat" */ = {
			isa = XCConfigurationList;
			buildConfigurations = (
				B579FE4F1DDD1D2700A8C0C7 /* Debug */,
				B579FE501DDD1D2700A8C0C7 /* Release */,
			);
			defaultConfigurationIsVisible = 0;
			defaultConfigurationName = Release;
		};
		B579FE511DDD1D2700A8C0C7 /* Build configuration list for PBXNativeTarget "TremorStat" */ = {
			isa = XCConfigurationList;
			buildConfigurations = (
				B579FE521DDD1D2700A8C0C7 /* Debug */,
				B579FE531DDD1D2700A8C0C7 /* Release */,
			);
			defaultConfigurationIsVisible = 0;
			defaultConfigurationName = Release;
		};
		BF5E8B391FB1107600559754 /* Build configuration list for PBXNativeTarget "TremorStatTests" */ = {
			isa = XCConfigurationList;
			buildConfigurations = (
				BF5E8B3A1FB1107600559754 /* Debug */,
				BF5E8B3B1FB1107600559754 /* Release */,
			);
			defaultConfigurationIsVisible = 0;
			defaultConfigurationName = Release;
		};
		BF5E8B471FB1108900559754 /* Build configuration list for PBXNativeTarget "TremorStatUITests" */ = {
			isa = XCConfigurationList;
			buildConfigurations = (
				BF5E8B481FB1108900559754 /* Debug */,
				BF5E8B491FB1108900559754 /* Release */,
			);
			defaultConfigurationIsVisible = 0;
			defaultConfigurationName = Release;
		};
/* End XCConfigurationList section */
	};
	rootObject = B579FE371DDD1D2700A8C0C7 /* Project object */;
}
